
Microsoft Visual Studio Solution File, Format Version 12.00
# Visual Studio Version 17
VisualStudioVersion = 17.4.33213.308
MinimumVisualStudioVersion = 10.0.40219.1
Project("{FAE04EC0-301F-11D3-BF4B-00C04F79EFBC}") = "Week3Hometask", "Week3Hometask\Week3Hometask.csproj", "{424B3380-6E75-4F37-BE55-08F9CB058513}"
EndProject
Global
	GlobalSection(SolutionConfigurationPlatforms) = preSolution
		Debug|Any CPU = Debug|Any CPU
		Release|Any CPU = Release|Any CPU
	EndGlobalSection
	GlobalSection(ProjectConfigurationPlatforms) = postSolution
		{424B3380-6E75-4F37-BE55-08F9CB058513}.Debug|Any CPU.ActiveCfg = Debug|Any CPU
		{424B3380-6E75-4F37-BE55-08F9CB058513}.Debug|Any CPU.Build.0 = Debug|Any CPU
		{424B3380-6E75-4F37-BE55-08F9CB058513}.Release|Any CPU.ActiveCfg = Release|Any CPU
		{424B3380-6E75-4F37-BE55-08F9CB058513}.Release|Any CPU.Build.0 = Release|Any CPU
	EndGlobalSection
	GlobalSection(SolutionProperties) = preSolution
		HideSolutionNode = FALSE
	EndGlobalSection
	GlobalSection(ExtensibilityGlobals) = postSolution
		SolutionGuid = {90F94D00-B708-4B31-95BD-86BE5E557D92}
	EndGlobalSection
EndGlobal
